{
  "name": "mongotraining",
  "version": "1.0.0",
  "lockfileVersion": 1,
  "requires": true,
  "dependencies": {
    "bson": {
      "version": "1.0.4",
      "resolved": "http://artifactory.shuttercorp.net/artifactory/api/npm/npm-composite/bson/-/bson-1.0.4.tgz",
      "integrity": "sha1-k8ENOeqltYQVy8QFLz5T5WKwtyw="
    },
    "mongodb": {
      "version": "3.0.3",
      "resolved": "http://artifactory.shuttercorp.net/artifactory/api/npm/npm-composite/mongodb/-/mongodb-3.0.3.tgz",
      "integrity": "sha1-g7M+AfJrSi4fiis0J8q7ruMd8Bc=",
      "requires": {
        "mongodb-core": "3.0.3"
      }
    },
    "mongodb-core": {
      "version": "3.0.3",
      "resolved": "http://artifactory.shuttercorp.net/artifactory/api/npm/npm-composite/mongodb-core/-/mongodb-core-3.0.3.tgz",
      "integrity": "sha1-SW190AUtw6LiE+353c3ceLR6cSw=",
      "requires": {
        "bson": "1.0.4",
        "require_optional": "1.0.1"
      }
    },
    "require_optional": {
      "version": "1.0.1",
      "resolved": "http://artifactory.shuttercorp.net/artifactory/api/npm/npm-composite/require_optional/-/require_optional-1.0.1.tgz",
      "integrity": "sha1-TPNaQkf2TKPfjC7yCMxJSxyo/C4=",
      "requires": {
        "resolve-from": "2.0.0",
        "semver": "5.5.0"
      }
    },
    "resolve-from": {
      "version": "2.0.0",
      "resolved": "http://artifactory.shuttercorp.net/artifactory/api/npm/npm-composite/resolve-from/-/resolve-from-2.0.0.tgz",
      "integrity": "sha1-lICrIOlP+h2egKgEx+oUdhGWa1c="
    },
    "semver": {
      "version": "5.5.0",
      "resolved": "http://artifactory.shuttercorp.net/artifactory/api/npm/npm-composite/semver/-/semver-5.5.0.tgz",
      "integrity": "sha1-3Eu8emyp2Rbe5dQ1FvAJK1j3uKs="
    }
  }
}
